
Microsoft Visual Studio Solution File, Format Version 12.00
# Visual Studio Version 18
VisualStudioVersion = 18.9.12120.119 stable
MinimumVisualStudioVersion = 10.0.40219.1
Project("{FAE04EC0-301F-11D3-BF4B-00C04F79EFBC}") = "CMISPilot.ViewModels", "CMISPilot.ViewModels\CMISPilot.ViewModels.csproj", "{724DE9B2-6147-4815-95F4-916E7A7612F8}"
EndProject
Project("{FAE04EC0-301F-11D3-BF4B-00C04F79EFBC}") = "CMISPilot.Cmis", "CMISPilot.Cmis\CMISPilot.Cmis.csproj", "{9A997F51-1E1D-4BDB-86B5-15033276D305}"
EndProject
Project("{FAE04EC0-301F-11D3-BF4B-00C04F79EFBC}") = "PortCMIS", "..\..\..\APX.PortCMIS\WL\src\PortCMIS\PortCMIS.csproj", "{281F30DD-82C0-4A25-86E1-39DACE04D75D}"
EndProject
Project("{FAE04EC0-301F-11D3-BF4B-00C04F79EFBC}") = "CMISPilot.Tests", "CMISPilot.Tests\CMISPilot.Tests.csproj", "{4D5DDD4F-B330-4F80-8D87-F70EB57861F8}"
EndProject
Project("{FAE04EC0-301F-11D3-BF4B-00C04F79EFBC}") = "CMISPilot.Desktop", "CMISPilot.Desktop\CMISPilot.Desktop.csproj", "{66515D29-32C4-4993-9046-D62D067D958A}"
EndProject
Project("{FAE04EC0-301F-11D3-BF4B-00C04F79EFBC}") = "SamplePlugin", "..\samples\SamplePlugin\SamplePlugin.csproj", "{F48984A8-2DC8-4A1C-8F08-E547D86EE2C0}"
EndProject
Project("{FAE04EC0-301F-11D3-BF4B-00C04F79EFBC}") = "CMISPilot.Plugins.Abstractions", "CMISPilot.Plugins.Abstractions\CMISPilot.Plugins.Abstractions.csproj", "{79992F63-81E7-4487-9954-492D83A61AC7}"
EndProject
Project("{FAE04EC0-301F-11D3-BF4B-00C04F79EFBC}") = "APX.Wpf.Shell.ViewModels", "..\..\..\APX.Wpf.Shell\WL\src\APX.Wpf.Shell.ViewModels\APX.Wpf.Shell.ViewModels.csproj", "{37BAD291-E64E-4A33-8150-44AD156682F8}"
EndProject
Project("{FAE04EC0-301F-11D3-BF4B-00C04F79EFBC}") = "APX.Wpf.Shell", "..\..\..\APX.Wpf.Shell\WL\src\APX.Wpf.Shell\APX.Wpf.Shell.csproj", "{9BCA2856-223C-DF83-DA67-B14B213EACD3}"
EndProject
Global
	GlobalSection(SolutionConfigurationPlatforms) = preSolution
		Debug|Any CPU = Debug|Any CPU
		Debug|x64 = Debug|x64
		Debug|x86 = Debug|x86
		Release|Any CPU = Release|Any CPU
		Release|x64 = Release|x64
		Release|x86 = Release|x86
	EndGlobalSection
	GlobalSection(ProjectConfigurationPlatforms) = postSolution
		{724DE9B2-6147-4815-95F4-916E7A7612F8}.Debug|Any CPU.ActiveCfg = Debug|Any CPU
		{724DE9B2-6147-4815-95F4-916E7A7612F8}.Debug|Any CPU.Build.0 = Debug|Any CPU
		{724DE9B2-6147-4815-95F4-916E7A7612F8}.Debug|x64.ActiveCfg = Debug|Any CPU
		{724DE9B2-6147-4815-95F4-916E7A7612F8}.Debug|x64.Build.0 = Debug|Any CPU
		{724DE9B2-6147-4815-95F4-916E7A7612F8}.Debug|x86.ActiveCfg = Debug|Any CPU
		{724DE9B2-6147-4815-95F4-916E7A7612F8}.Debug|x86.Build.0 = Debug|Any CPU
		{724DE9B2-6147-4815-95F4-916E7A7612F8}.Release|Any CPU.ActiveCfg = Release|Any CPU
		{724DE9B2-6147-4815-95F4-916E7A7612F8}.Release|Any CPU.Build.0 = Release|Any CPU
		{724DE9B2-6147-4815-95F4-916E7A7612F8}.Release|x64.ActiveCfg = Release|Any CPU
		{724DE9B2-6147-4815-95F4-916E7A7612F8}.Release|x64.Build.0 = Release|Any CPU
		{724DE9B2-6147-4815-95F4-916E7A7612F8}.Release|x86.ActiveCfg = Release|Any CPU
		{724DE9B2-6147-4815-95F4-916E7A7612F8}.Release|x86.Build.0 = Release|Any CPU
		{9A997F51-1E1D-4BDB-86B5-15033276D305}.Debug|Any CPU.ActiveCfg = Debug|Any CPU
		{9A997F51-1E1D-4BDB-86B5-15033276D305}.Debug|Any CPU.Build.0 = Debug|Any CPU
		{9A997F51-1E1D-4BDB-86B5-15033276D305}.Debug|x64.ActiveCfg = Debug|Any CPU
		{9A997F51-1E1D-4BDB-86B5-15033276D305}.Debug|x64.Build.0 = Debug|Any CPU
		{9A997F51-1E1D-4BDB-86B5-15033276D305}.Debug|x86.ActiveCfg = Debug|Any CPU
		{9A997F51-1E1D-4BDB-86B5-15033276D305}.Debug|x86.Build.0 = Debug|Any CPU
		{9A997F51-1E1D-4BDB-86B5-15033276D305}.Release|Any CPU.ActiveCfg = Release|Any CPU
		{9A997F51-1E1D-4BDB-86B5-15033276D305}.Release|Any CPU.Build.0 = Release|Any CPU
		{9A997F51-1E1D-4BDB-86B5-15033276D305}.Release|x64.ActiveCfg = Release|Any CPU
		{9A997F51-1E1D-4BDB-86B5-15033276D305}.Release|x64.Build.0 = Release|Any CPU
		{9A997F51-1E1D-4BDB-86B5-15033276D305}.Release|x86.ActiveCfg = Release|Any CPU
		{9A997F51-1E1D-4BDB-86B5-15033276D305}.Release|x86.Build.0 = Release|Any CPU
		{281F30DD-82C0-4A25-86E1-39DACE04D75D}.Debug|Any CPU.ActiveCfg = Debug|Any CPU
		{281F30DD-82C0-4A25-86E1-39DACE04D75D}.Debug|Any CPU.Build.0 = Debug|Any CPU
		{281F30DD-82C0-4A25-86E1-39DACE04D75D}.Debug|x64.ActiveCfg = Debug|Any CPU
		{281F30DD-82C0-4A25-86E1-39DACE04D75D}.Debug|x64.Build.0 = Debug|Any CPU
		{281F30DD-82C0-4A25-86E1-39DACE04D75D}.Debug|x86.ActiveCfg = Debug|Any CPU
		{281F30DD-82C0-4A25-86E1-39DACE04D75D}.Debug|x86.Build.0 = Debug|Any CPU
		{281F30DD-82C0-4A25-86E1-39DACE04D75D}.Release|Any CPU.ActiveCfg = Release|Any CPU
		{281F30DD-82C0-4A25-86E1-39DACE04D75D}.Release|Any CPU.Build.0 = Release|Any CPU
		{281F30DD-82C0-4A25-86E1-39DACE04D75D}.Release|x64.ActiveCfg = Release|Any CPU
		{281F30DD-82C0-4A25-86E1-39DACE04D75D}.Release|x64.Build.0 = Release|Any CPU
		{281F30DD-82C0-4A25-86E1-39DACE04D75D}.Release|x86.ActiveCfg = Release|Any CPU
		{281F30DD-82C0-4A25-86E1-39DACE04D75D}.Release|x86.Build.0 = Release|Any CPU
		{4D5DDD4F-B330-4F80-8D87-F70EB57861F8}.Debug|Any CPU.ActiveCfg = Debug|Any CPU
		{4D5DDD4F-B330-4F80-8D87-F70EB57861F8}.Debug|Any CPU.Build.0 = Debug|Any CPU
		{4D5DDD4F-B330-4F80-8D87-F70EB57861F8}.Debug|x64.ActiveCfg = Debug|Any CPU
		{4D5DDD4F-B330-4F80-8D87-F70EB57861F8}.Debug|x64.Build.0 = Debug|Any CPU
		{4D5DDD4F-B330-4F80-8D87-F70EB57861F8}.Debug|x86.ActiveCfg = Debug|Any CPU
		{4D5DDD4F-B330-4F80-8D87-F70EB57861F8}.Debug|x86.Build.0 = Debug|Any CPU
		{4D5DDD4F-B330-4F80-8D87-F70EB57861F8}.Release|Any CPU.ActiveCfg = Release|Any CPU
		{4D5DDD4F-B330-4F80-8D87-F70EB57861F8}.Release|Any CPU.Build.0 = Release|Any CPU
		{4D5DDD4F-B330-4F80-8D87-F70EB57861F8}.Release|x64.ActiveCfg = Release|Any CPU
		{4D5DDD4F-B330-4F80-8D87-F70EB57861F8}.Release|x64.Build.0 = Release|Any CPU
		{4D5DDD4F-B330-4F80-8D87-F70EB57861F8}.Release|x86.ActiveCfg = Release|Any CPU
		{4D5DDD4F-B330-4F80-8D87-F70EB57861F8}.Release|x86.Build.0 = Release|Any CPU
		{66515D29-32C4-4993-9046-D62D067D958A}.Debug|Any CPU.ActiveCfg = Debug|Any CPU
		{66515D29-32C4-4993-9046-D62D067D958A}.Debug|Any CPU.Build.0 = Debug|Any CPU
		{66515D29-32C4-4993-9046-D62D067D958A}.Debug|x64.ActiveCfg = Debug|Any CPU
		{66515D29-32C4-4993-9046-D62D067D958A}.Debug|x64.Build.0 = Debug|Any CPU
		{66515D29-32C4-4993-9046-D62D067D958A}.Debug|x86.ActiveCfg = Debug|Any CPU
		{66515D29-32C4-4993-9046-D62D067D958A}.Debug|x86.Build.0 = Debug|Any CPU
		{66515D29-32C4-4993-9046-D62D067D958A}.Release|Any CPU.ActiveCfg = Release|Any CPU
		{66515D29-32C4-4993-9046-D62D067D958A}.Release|Any CPU.Build.0 = Release|Any CPU
		{66515D29-32C4-4993-9046-D62D067D958A}.Release|x64.ActiveCfg = Release|Any CPU
		{66515D29-32C4-4993-9046-D62D067D958A}.Release|x64.Build.0 = Release|Any CPU
		{66515D29-32C4-4993-9046-D62D067D958A}.Release|x86.ActiveCfg = Release|Any CPU
		{66515D29-32C4-4993-9046-D62D067D958A}.Release|x86.Build.0 = Release|Any CPU
		{F48984A8-2DC8-4A1C-8F08-E547D86EE2C0}.Debug|Any CPU.ActiveCfg = Debug|Any CPU
		{F48984A8-2DC8-4A1C-8F08-E547D86EE2C0}.Debug|Any CPU.Build.0 = Debug|Any CPU
		{F48984A8-2DC8-4A1C-8F08-E547D86EE2C0}.Debug|x64.ActiveCfg = Debug|Any CPU
		{F48984A8-2DC8-4A1C-8F08-E547D86EE2C0}.Debug|x64.Build.0 = Debug|Any CPU
		{F48984A8-2DC8-4A1C-8F08-E547D86EE2C0}.Debug|x86.ActiveCfg = Debug|Any CPU
		{F48984A8-2DC8-4A1C-8F08-E547D86EE2C0}.Debug|x86.Build.0 = Debug|Any CPU
		{F48984A8-2DC8-4A1C-8F08-E547D86EE2C0}.Release|Any CPU.ActiveCfg = Release|Any CPU
		{F48984A8-2DC8-4A1C-8F08-E547D86EE2C0}.Release|Any CPU.Build.0 = Release|Any CPU
		{F48984A8-2DC8-4A1C-8F08-E547D86EE2C0}.Release|x64.ActiveCfg = Release|Any CPU
		{F48984A8-2DC8-4A1C-8F08-E547D86EE2C0}.Release|x64.Build.0 = Release|Any CPU
		{F48984A8-2DC8-4A1C-8F08-E547D86EE2C0}.Release|x86.ActiveCfg = Release|Any CPU
		{F48984A8-2DC8-4A1C-8F08-E547D86EE2C0}.Release|x86.Build.0 = Release|Any CPU
		{79992F63-81E7-4487-9954-492D83A61AC7}.Debug|Any CPU.ActiveCfg = Debug|Any CPU
		{79992F63-81E7-4487-9954-492D83A61AC7}.Debug|Any CPU.Build.0 = Debug|Any CPU
		{79992F63-81E7-4487-9954-492D83A61AC7}.Debug|x64.ActiveCfg = Debug|Any CPU
		{79992F63-81E7-4487-9954-492D83A61AC7}.Debug|x64.Build.0 = Debug|Any CPU
		{79992F63-81E7-4487-9954-492D83A61AC7}.Debug|x86.ActiveCfg = Debug|Any CPU
		{79992F63-81E7-4487-9954-492D83A61AC7}.Debug|x86.Build.0 = Debug|Any CPU
		{79992F63-81E7-4487-9954-492D83A61AC7}.Release|Any CPU.ActiveCfg = Release|Any CPU
		{79992F63-81E7-4487-9954-492D83A61AC7}.Release|Any CPU.Build.0 = Release|Any CPU
		{79992F63-81E7-4487-9954-492D83A61AC7}.Release|x64.ActiveCfg = Release|Any CPU
		{79992F63-81E7-4487-9954-492D83A61AC7}.Release|x64.Build.0 = Release|Any CPU
		{79992F63-81E7-4487-9954-492D83A61AC7}.Release|x86.ActiveCfg = Release|Any CPU
		{79992F63-81E7-4487-9954-492D83A61AC7}.Release|x86.Build.0 = Release|Any CPU
		{37BAD291-E64E-4A33-8150-44AD156682F8}.Debug|Any CPU.ActiveCfg = Debug|Any CPU
		{37BAD291-E64E-4A33-8150-44AD156682F8}.Debug|Any CPU.Build.0 = Debug|Any CPU
		{37BAD291-E64E-4A33-8150-44AD156682F8}.Debug|x64.ActiveCfg = Debug|Any CPU
		{37BAD291-E64E-4A33-8150-44AD156682F8}.Debug|x64.Build.0 = Debug|Any CPU
		{37BAD291-E64E-4A33-8150-44AD156682F8}.Debug|x86.ActiveCfg = Debug|Any CPU
		{37BAD291-E64E-4A33-8150-44AD156682F8}.Debug|x86.Build.0 = Debug|Any CPU
		{37BAD291-E64E-4A33-8150-44AD156682F8}.Release|Any CPU.ActiveCfg = Release|Any CPU
		{37BAD291-E64E-4A33-8150-44AD156682F8}.Release|Any CPU.Build.0 = Release|Any CPU
		{37BAD291-E64E-4A33-8150-44AD156682F8}.Release|x64.ActiveCfg = Release|Any CPU
		{37BAD291-E64E-4A33-8150-44AD156682F8}.Release|x64.Build.0 = Release|Any CPU
		{37BAD291-E64E-4A33-8150-44AD156682F8}.Release|x86.ActiveCfg = Release|Any CPU
		{37BAD291-E64E-4A33-8150-44AD156682F8}.Release|x86.Build.0 = Release|Any CPU
		{9BCA2856-223C-DF83-DA67-B14B213EACD3}.Debug|Any CPU.ActiveCfg = Debug|Any CPU
		{9BCA2856-223C-DF83-DA67-B14B213EACD3}.Debug|Any CPU.Build.0 = Debug|Any CPU
		{9BCA2856-223C-DF83-DA67-B14B213EACD3}.Debug|x64.ActiveCfg = Debug|Any CPU
		{9BCA2856-223C-DF83-DA67-B14B213EACD3}.Debug|x64.Build.0 = Debug|Any CPU
		{9BCA2856-223C-DF83-DA67-B14B213EACD3}.Debug|x86.ActiveCfg = Debug|Any CPU
		{9BCA2856-223C-DF83-DA67-B14B213EACD3}.Debug|x86.Build.0 = Debug|Any CPU
		{9BCA2856-223C-DF83-DA67-B14B213EACD3}.Release|Any CPU.ActiveCfg = Release|Any CPU
		{9BCA2856-223C-DF83-DA67-B14B213EACD3}.Release|Any CPU.Build.0 = Release|Any CPU
		{9BCA2856-223C-DF83-DA67-B14B213EACD3}.Release|x64.ActiveCfg = Release|Any CPU
		{9BCA2856-223C-DF83-DA67-B14B213EACD3}.Release|x64.Build.0 = Release|Any CPU
		{9BCA2856-223C-DF83-DA67-B14B213EACD3}.Release|x86.ActiveCfg = Release|Any CPU
		{9BCA2856-223C-DF83-DA67-B14B213EACD3}.Release|x86.Build.0 = Release|Any CPU
	EndGlobalSection
	GlobalSection(SolutionProperties) = preSolution
		HideSolutionNode = FALSE
	EndGlobalSection
EndGlobal
